
Microsoft Visual Studio Solution File, Format Version 12.00
# Visual Studio Version 17
VisualStudioVersion = 17.3.32804.467
MinimumVisualStudioVersion = 10.0.40219.1
Project("{FAE04EC0-301F-11D3-BF4B-00C04F79EFBC}") = "WebSocketsServer", "WebSocketsServer\WebSocketsServer.csproj", "{D6EBD6BB-F6E3-4F0D-B4EC-A5DF2A5087B3}"
EndProject
Global
	GlobalSection(SolutionConfigurationPlatforms) = preSolution
		Debug|Any CPU = Debug|Any CPU
		Release|Any CPU = Release|Any CPU
	EndGlobalSection
	GlobalSection(ProjectConfigurationPlatforms) = postSolution
		{D6EBD6BB-F6E3-4F0D-B4EC-A5DF2A5087B3}.Debug|Any CPU.ActiveCfg = Debug|Any CPU
		{D6EBD6BB-F6E3-4F0D-B4EC-A5DF2A5087B3}.Debug|Any CPU.Build.0 = Debug|Any CPU
		{D6EBD6BB-F6E3-4F0D-B4EC-A5DF2A5087B3}.Release|Any CPU.ActiveCfg = Release|Any CPU
		{D6EBD6BB-F6E3-4F0D-B4EC-A5DF2A5087B3}.Release|Any CPU.Build.0 = Release|Any CPU
	EndGlobalSection
	GlobalSection(SolutionProperties) = preSolution
		HideSolutionNode = FALSE
	EndGlobalSection
	GlobalSection(ExtensibilityGlobals) = postSolution
		SolutionGuid = {20396260-82FD-403D-8F9C-B9FDC494B9D6}
	EndGlobalSection
EndGlobal
